
Microsoft Visual Studio Solution File, Format Version 12.00
# Visual Studio Version 16
VisualStudioVersion = 16.0.29001.49
MinimumVisualStudioVersion = 10.0.40219.1
Project("{9A19103F-16F7-4668-BE54-9A1E7A4F7556}") = "GetVisitantsBehaviorWebApp", "GetVisitantsBehaviorWebApp\GetVisitantsBehaviorWebApp.csproj", "{CE00D8A1-B03F-429E-8526-8FB20D595D96}"
EndProject
Project("{FAE04EC0-301F-11D3-BF4B-00C04F79EFBC}") = "GetVisitantsBehaviorRobot", "GetVIsitantsBehaviorRobot\GetVisitantsBehaviorRobot.csproj", "{D39E37E6-DCE5-47F9-B52A-E32376880025}"
EndProject
Global
	GlobalSection(SolutionConfigurationPlatforms) = preSolution
		Debug|Any CPU = Debug|Any CPU
		Release|Any CPU = Release|Any CPU
	EndGlobalSection
	GlobalSection(ProjectConfigurationPlatforms) = postSolution
		{CE00D8A1-B03F-429E-8526-8FB20D595D96}.Debug|Any CPU.ActiveCfg = Debug|Any CPU
		{CE00D8A1-B03F-429E-8526-8FB20D595D96}.Debug|Any CPU.Build.0 = Debug|Any CPU
		{CE00D8A1-B03F-429E-8526-8FB20D595D96}.Release|Any CPU.ActiveCfg = Release|Any CPU
		{CE00D8A1-B03F-429E-8526-8FB20D595D96}.Release|Any CPU.Build.0 = Release|Any CPU
		{D39E37E6-DCE5-47F9-B52A-E32376880025}.Debug|Any CPU.ActiveCfg = Debug|Any CPU
		{D39E37E6-DCE5-47F9-B52A-E32376880025}.Debug|Any CPU.Build.0 = Debug|Any CPU
		{D39E37E6-DCE5-47F9-B52A-E32376880025}.Release|Any CPU.ActiveCfg = Release|Any CPU
		{D39E37E6-DCE5-47F9-B52A-E32376880025}.Release|Any CPU.Build.0 = Release|Any CPU
	EndGlobalSection
	GlobalSection(SolutionProperties) = preSolution
		HideSolutionNode = FALSE
	EndGlobalSection
	GlobalSection(ExtensibilityGlobals) = postSolution
		SolutionGuid = {84ACF9D8-D99C-4640-8042-09DADBFF22D7}
	EndGlobalSection
EndGlobal
